// !$*UTF8*$!
{
	archiveVersion = 1;
	classes = {
	};
	objectVersion = 56;
	objects = {

/* Begin PBXBuildFile section */
		C911638E2BCA1A1E0004401C /* webImageAuditApp.swift in Sources */ = {isa = PBXBuildFile; fileRef = C911638D2BCA1A1E0004401C /* webImageAuditApp.swift */; };
		C91163902BCA1A1E0004401C /* ContentView.swift in Sources */ = {isa = PBXBuildFile; fileRef = C911638F2BCA1A1E0004401C /* ContentView.swift */; };
		C91163922BCA1A1F0004401C /* Assets.xcassets in Resources */ = {isa = PBXBuildFile; fileRef = C91163912BCA1A1F0004401C /* Assets.xcassets */; };
		C91163952BCA1A1F0004401C /* Preview Assets.xcassets in Resources */ = {isa = PBXBuildFile; fileRef = C91163942BCA1A1F0004401C /* Preview Assets.xcassets */; };
		C91163A02BCA1A1F0004401C /* webImageAuditTests.swift in Sources */ = {isa = PBXBuildFile; fileRef = C911639F2BCA1A1F0004401C /* webImageAuditTests.swift */; };
		C91163AA2BCA1A1F0004401C /* webImageAuditUITests.swift in Sources */ = {isa = PBXBuildFile; fileRef = C91163A92BCA1A1F0004401C /* webImageAuditUITests.swift */; };
		C91163AC2BCA1A1F0004401C /* webImageAuditUITestsLaunchTests.swift in Sources */ = {isa = PBXBuildFile; fileRef = C91163AB2BCA1A1F0004401C /* webImageAuditUITestsLaunchTests.swift */; };
		C91163B92BCA1C580004401C /* AppDelegate.swift in Sources */ = {isa = PBXBuildFile; fileRef = C91163B82BCA1C580004401C /* AppDelegate.swift */; };
		C91163BC2BCA1DAD0004401C /* SDWebImage in Frameworks */ = {isa = PBXBuildFile; productRef = C91163BB2BCA1DAD0004401C /* SDWebImage */; };
		C91163BE2BCA1DAD0004401C /* SDWebImageMapKit in Frameworks */ = {isa = PBXBuildFile; productRef = C91163BD2BCA1DAD0004401C /* SDWebImageMapKit */; };
		C91163C12BCA1DDA0004401C /* SDWebImageWebPCoder in Frameworks */ = {isa = PBXBuildFile; productRef = C91163C02BCA1DDA0004401C /* SDWebImageWebPCoder */; };
		C91163C42BCA1E230004401C /* UpdateWindowController.xib in Resources */ = {isa = PBXBuildFile; fileRef = C91163C22BCA1E230004401C /* UpdateWindowController.xib */; };
		C91163C52BCA1E230004401C /* UpdateWindowController.swift in Sources */ = {isa = PBXBuildFile; fileRef = C91163C32BCA1E230004401C /* UpdateWindowController.swift */; };
		C91163CB2BCA7F900004401C /* .gitignore in Resources */ = {isa = PBXBuildFile; fileRef = C91163CA2BCA7F900004401C /* .gitignore */; };
/* End PBXBuildFile section */

/* Begin PBXContainerItemProxy section */
		C911639C2BCA1A1F0004401C /* PBXContainerItemProxy */ = {
			isa = PBXContainerItemProxy;
			containerPortal = C91163822BCA1A1E0004401C /* Project object */;
			proxyType = 1;
			remoteGlobalIDString = C91163892BCA1A1E0004401C;
			remoteInfo = webImageAudit;
		};
		C91163A62BCA1A1F0004401C /* PBXContainerItemProxy */ = {
			isa = PBXContainerItemProxy;
			containerPortal = C91163822BCA1A1E0004401C /* Project object */;
			proxyType = 1;
			remoteGlobalIDString = C91163892BCA1A1E0004401C;
			remoteInfo = webImageAudit;
		};
/* End PBXContainerItemProxy section */

/* Begin PBXFileReference section */
		C911638A2BCA1A1E0004401C /* webImageAudit.app */ = {isa = PBXFileReference; explicitFileType = wrapper.application; includeInIndex = 0; path = webImageAudit.app; sourceTree = BUILT_PRODUCTS_DIR; };
		C911638D2BCA1A1E0004401C /* webImageAuditApp.swift */ = {isa = PBXFileReference; lastKnownFileType = sourcecode.swift; path = webImageAuditApp.swift; sourceTree = "<group>"; };
		C911638F2BCA1A1E0004401C /* ContentView.swift */ = {isa = PBXFileReference; lastKnownFileType = sourcecode.swift; path = ContentView.swift; sourceTree = "<group>"; };
		C91163912BCA1A1F0004401C /* Assets.xcassets */ = {isa = PBXFileReference; lastKnownFileType = folder.assetcatalog; path = Assets.xcassets; sourceTree = "<group>"; };
		C91163942BCA1A1F0004401C /* Preview Assets.xcassets */ = {isa = PBXFileReference; lastKnownFileType = folder.assetcatalog; path = "Preview Assets.xcassets"; sourceTree = "<group>"; };
		C91163962BCA1A1F0004401C /* webImageAudit.entitlements */ = {isa = PBXFileReference; lastKnownFileType = text.plist.entitlements; path = webImageAudit.entitlements; sourceTree = "<group>"; };
		C911639B2BCA1A1F0004401C /* webImageAuditTests.xctest */ = {isa = PBXFileReference; explicitFileType = wrapper.cfbundle; includeInIndex = 0; path = webImageAuditTests.xctest; sourceTree = BUILT_PRODUCTS_DIR; };
		C911639F2BCA1A1F0004401C /* webImageAuditTests.swift */ = {isa = PBXFileReference; lastKnownFileType = sourcecode.swift; path = webImageAuditTests.swift; sourceTree = "<group>"; };
		C91163A52BCA1A1F0004401C /* webImageAuditUITests.xctest */ = {isa = PBXFileReference; explicitFileType = wrapper.cfbundle; includeInIndex = 0; path = webImageAuditUITests.xctest; sourceTree = BUILT_PRODUCTS_DIR; };
		C91163A92BCA1A1F0004401C /* webImageAuditUITests.swift */ = {isa = PBXFileReference; lastKnownFileType = sourcecode.swift; path = webImageAuditUITests.swift; sourceTree = "<group>"; };
		C91163AB2BCA1A1F0004401C /* webImageAuditUITestsLaunchTests.swift */ = {isa = PBXFileReference; lastKnownFileType = sourcecode.swift; path = webImageAuditUITestsLaunchTests.swift; sourceTree = "<group>"; };
		C91163B82BCA1C580004401C /* AppDelegate.swift */ = {isa = PBXFileReference; fileEncoding = 4; lastKnownFileType = sourcecode.swift; path = AppDelegate.swift; sourceTree = "<group>"; };
		C91163C22BCA1E230004401C /* UpdateWindowController.xib */ = {isa = PBXFileReference; fileEncoding = 4; lastKnownFileType = file.xib; path = UpdateWindowController.xib; sourceTree = "<group>"; };
		C91163C32BCA1E230004401C /* UpdateWindowController.swift */ = {isa = PBXFileReference; fileEncoding = 4; lastKnownFileType = sourcecode.swift; path = UpdateWindowController.swift; sourceTree = "<group>"; };
		C91163CA2BCA7F900004401C /* .gitignore */ = {isa = PBXFileReference; lastKnownFileType = text; path = .gitignore; sourceTree = "<group>"; };
/* End PBXFileReference section */

/* Begin PBXFrameworksBuildPhase section */
		C91163872BCA1A1E0004401C /* Frameworks */ = {
			isa = PBXFrameworksBuildPhase;
			buildActionMask = 2147483647;
			files = (
				C91163BE2BCA1DAD0004401C /* SDWebImageMapKit in Frameworks */,
				C91163BC2BCA1DAD0004401C /* SDWebImage in Frameworks */,
				C91163C12BCA1DDA0004401C /* SDWebImageWebPCoder in Frameworks */,
			);
			runOnlyForDeploymentPostprocessing = 0;
		};
		C91163982BCA1A1F0004401C /* Frameworks */ = {
			isa = PBXFrameworksBuildPhase;
			buildActionMask = 2147483647;
			files = (
			);
			runOnlyForDeploymentPostprocessing = 0;
		};
		C91163A22BCA1A1F0004401C /* Frameworks */ = {
			isa = PBXFrameworksBuildPhase;
			buildActionMask = 2147483647;
			files = (
			);
			runOnlyForDeploymentPostprocessing = 0;
		};
/* End PBXFrameworksBuildPhase section */

/* Begin PBXGroup section */
		C91163812BCA1A1E0004401C = {
			isa = PBXGroup;
			children = (
				C911638C2BCA1A1E0004401C /* webImageAudit */,
				C911639E2BCA1A1F0004401C /* webImageAuditTests */,
				C91163A82BCA1A1F0004401C /* webImageAuditUITests */,
				C911638B2BCA1A1E0004401C /* Products */,
			);
			sourceTree = "<group>";
		};
		C911638B2BCA1A1E0004401C /* Products */ = {
			isa = PBXGroup;
			children = (
				C911638A2BCA1A1E0004401C /* webImageAudit.app */,
				C911639B2BCA1A1F0004401C /* webImageAuditTests.xctest */,
				C91163A52BCA1A1F0004401C /* webImageAuditUITests.xctest */,
			);
			name = Products;
			sourceTree = "<group>";
		};
		C911638C2BCA1A1E0004401C /* webImageAudit */ = {
			isa = PBXGroup;
			children = (
				C91163C32BCA1E230004401C /* UpdateWindowController.swift */,
				C91163C22BCA1E230004401C /* UpdateWindowController.xib */,
				C91163B82BCA1C580004401C /* AppDelegate.swift */,
				C911638D2BCA1A1E0004401C /* webImageAuditApp.swift */,
				C911638F2BCA1A1E0004401C /* ContentView.swift */,
				C91163912BCA1A1F0004401C /* Assets.xcassets */,
				C91163962BCA1A1F0004401C /* webImageAudit.entitlements */,
				C91163932BCA1A1F0004401C /* Preview Content */,
				C91163CA2BCA7F900004401C /* .gitignore */,
			);
			path = webImageAudit;
			sourceTree = "<group>";
		};
		C91163932BCA1A1F0004401C /* Preview Content */ = {
			isa = PBXGroup;
			children = (
				C91163942BCA1A1F0004401C /* Preview Assets.xcassets */,
			);
			path = "Preview Content";
			sourceTree = "<group>";
		};
		C911639E2BCA1A1F0004401C /* webImageAuditTests */ = {
			isa = PBXGroup;
			children = (
				C911639F2BCA1A1F0004401C /* webImageAuditTests.swift */,
			);
			path = webImageAuditTests;
			sourceTree = "<group>";
		};
		C91163A82BCA1A1F0004401C /* webImageAuditUITests */ = {
			isa = PBXGroup;
			children = (
				C91163A92BCA1A1F0004401C /* webImageAuditUITests.swift */,
				C91163AB2BCA1A1F0004401C /* webImageAuditUITestsLaunchTests.swift */,
			);
			path = webImageAuditUITests;
			sourceTree = "<group>";
		};
/* End PBXGroup section */

/* Begin PBXNativeTarget section */
		C91163892BCA1A1E0004401C /* webImageAudit */ = {
			isa = PBXNativeTarget;
			buildConfigurationList = C91163AF2BCA1A1F0004401C /* Build configuration list for PBXNativeTarget "webImageAudit" */;
			buildPhases = (
				C91163862BCA1A1E0004401C /* Sources */,
				C91163872BCA1A1E0004401C /* Frameworks */,
				C91163882BCA1A1E0004401C /* Resources */,
			);
			buildRules = (
			);
			dependencies = (
			);
			name = webImageAudit;
			packageProductDependencies = (
				C91163BB2BCA1DAD0004401C /* SDWebImage */,
				C91163BD2BCA1DAD0004401C /* SDWebImageMapKit */,
				C91163C02BCA1DDA0004401C /* SDWebImageWebPCoder */,
			);
			productName = webImageAudit;
			productReference = C911638A2BCA1A1E0004401C /* webImageAudit.app */;
			productType = "com.apple.product-type.application";
		};
		C911639A2BCA1A1F0004401C /* webImageAuditTests */ = {
			isa = PBXNativeTarget;
			buildConfigurationList = C91163B22BCA1A1F0004401C /* Build configuration list for PBXNativeTarget "webImageAuditTests" */;
			buildPhases = (
				C91163972BCA1A1F0004401C /* Sources */,
				C91163982BCA1A1F0004401C /* Frameworks */,
				C91163992BCA1A1F0004401C /* Resources */,
			);
			buildRules = (
			);
			dependencies = (
				C911639D2BCA1A1F0004401C /* PBXTargetDependency */,
			);
			name = webImageAuditTests;
			productName = webImageAuditTests;
			productReference = C911639B2BCA1A1F0004401C /* webImageAuditTests.xctest */;
			productType = "com.apple.product-type.bundle.unit-test";
		};
		C91163A42BCA1A1F0004401C /* webImageAuditUITests */ = {
			isa = PBXNativeTarget;
			buildConfigurationList = C91163B52BCA1A1F0004401C /* Build configuration list for PBXNativeTarget "webImageAuditUITests" */;
			buildPhases = (
				C91163A12BCA1A1F0004401C /* Sources */,
				C91163A22BCA1A1F0004401C /* Frameworks */,
				C91163A32BCA1A1F0004401C /* Resources */,
			);
			buildRules = (
			);
			dependencies = (
				C91163A72BCA1A1F0004401C /* PBXTargetDependency */,
			);
			name = webImageAuditUITests;
			productName = webImageAuditUITests;
			productReference = C91163A52BCA1A1F0004401C /* webImageAuditUITests.xctest */;
			productType = "com.apple.product-type.bundle.ui-testing";
		};
/* End PBXNativeTarget section */

/* Begin PBXProject section */
		C91163822BCA1A1E0004401C /* Project object */ = {
			isa = PBXProject;
			attributes = {
				BuildIndependentTargetsInParallel = 1;
				LastSwiftUpdateCheck = 1500;
				LastUpgradeCheck = 1500;
				TargetAttributes = {
					C91163892BCA1A1E0004401C = {
						CreatedOnToolsVersion = 15.0;
					};
					C911639A2BCA1A1F0004401C = {
						CreatedOnToolsVersion = 15.0;
						TestTargetID = C91163892BCA1A1E0004401C;
					};
					C91163A42BCA1A1F0004401C = {
						CreatedOnToolsVersion = 15.0;
						TestTargetID = C91163892BCA1A1E0004401C;
					};
				};
			};
			buildConfigurationList = C91163852BCA1A1E0004401C /* Build configuration list for PBXProject "webImageAudit" */;
			compatibilityVersion = "Xcode 14.0";
			developmentRegion = en;
			hasScannedForEncodings = 0;
			knownRegions = (
				en,
				Base,
			);
			mainGroup = C91163812BCA1A1E0004401C;
			packageReferences = (
				C91163BA2BCA1D690004401C /* XCRemoteSwiftPackageReference "SDWebImage" */,
				C91163BF2BCA1DDA0004401C /* XCRemoteSwiftPackageReference "SDWebImageWebPCoder" */,
			);
			productRefGroup = C911638B2BCA1A1E0004401C /* Products */;
			projectDirPath = "";
			projectRoot = "";
			targets = (
				C91163892BCA1A1E0004401C /* webImageAudit */,
				C911639A2BCA1A1F0004401C /* webImageAuditTests */,
				C91163A42BCA1A1F0004401C /* webImageAuditUITests */,
			);
		};
/* End PBXProject section */

/* Begin PBXResourcesBuildPhase section */
		C91163882BCA1A1E0004401C /* Resources */ = {
			isa = PBXResourcesBuildPhase;
			buildActionMask = 2147483647;
			files = (
				C91163CB2BCA7F900004401C /* .gitignore in Resources */,
				C91163C42BCA1E230004401C /* UpdateWindowController.xib in Resources */,
				C91163952BCA1A1F0004401C /* Preview Assets.xcassets in Resources */,
				C91163922BCA1A1F0004401C /* Assets.xcassets in Resources */,
			);
			runOnlyForDeploymentPostprocessing = 0;
		};
		C91163992BCA1A1F0004401C /* Resources */ = {
			isa = PBXResourcesBuildPhase;
			buildActionMask = 2147483647;
			files = (
			);
			runOnlyForDeploymentPostprocessing = 0;
		};
		C91163A32BCA1A1F0004401C /* Resources */ = {
			isa = PBXResourcesBuildPhase;
			buildActionMask = 2147483647;
			files = (
			);
			runOnlyForDeploymentPostprocessing = 0;
		};
/* End PBXResourcesBuildPhase section */

/* Begin PBXSourcesBuildPhase section */
		C91163862BCA1A1E0004401C /* Sources */ = {
			isa = PBXSourcesBuildPhase;
			buildActionMask = 2147483647;
			files = (
				C91163B92BCA1C580004401C /* AppDelegate.swift in Sources */,
				C91163902BCA1A1E0004401C /* ContentView.swift in Sources */,
				C91163C52BCA1E230004401C /* UpdateWindowController.swift in Sources */,
				C911638E2BCA1A1E0004401C /* webImageAuditApp.swift in Sources */,
			);
			runOnlyForDeploymentPostprocessing = 0;
		};
		C91163972BCA1A1F0004401C /* Sources */ = {
			isa = PBXSourcesBuildPhase;
			buildActionMask = 2147483647;
			files = (
				C91163A02BCA1A1F0004401C /* webImageAuditTests.swift in Sources */,
			);
			runOnlyForDeploymentPostprocessing = 0;
		};
		C91163A12BCA1A1F0004401C /* Sources */ = {
			isa = PBXSourcesBuildPhase;
			buildActionMask = 2147483647;
			files = (
				C91163AA2BCA1A1F0004401C /* webImageAuditUITests.swift in Sources */,
				C91163AC2BCA1A1F0004401C /* webImageAuditUITestsLaunchTests.swift in Sources */,
			);
			runOnlyForDeploymentPostprocessing = 0;
		};
/* End PBXSourcesBuildPhase section */

/* Begin PBXTargetDependency section */
		C911639D2BCA1A1F0004401C /* PBXTargetDependency */ = {
			isa = PBXTargetDependency;
			target = C91163892BCA1A1E0004401C /* webImageAudit */;
			targetProxy = C911639C2BCA1A1F0004401C /* PBXContainerItemProxy */;
		};
		C91163A72BCA1A1F0004401C /* PBXTargetDependency */ = {
			isa = PBXTargetDependency;
			target = C91163892BCA1A1E0004401C /* webImageAudit */;
			targetProxy = C91163A62BCA1A1F0004401C /* PBXContainerItemProxy */;
		};
/* End PBXTargetDependency section */

/* Begin XCBuildConfiguration section */
		C91163AD2BCA1A1F0004401C /* Debug */ = {
			isa = XCBuildConfiguration;
			buildSettings = {
				ALWAYS_SEARCH_USER_PATHS = NO;
				ASSETCATALOG_COMPILER_GENERATE_SWIFT_ASSET_SYMBOL_EXTENSIONS = YES;
				CLANG_ANALYZER_NONNULL = YES;
				CLANG_ANALYZER_NUMBER_OBJECT_CONVERSION = YES_AGGRESSIVE;
				CLANG_CXX_LANGUAGE_STANDARD = "gnu++20";
				CLANG_ENABLE_MODULES = YES;
				CLANG_ENABLE_OBJC_ARC = YES;
				CLANG_ENABLE_OBJC_WEAK = YES;
				CLANG_WARN_BLOCK_CAPTURE_AUTORELEASING = YES;
				CLANG_WARN_BOOL_CONVERSION = YES;
				CLANG_WARN_COMMA = YES;
				CLANG_WARN_CONSTANT_CONVERSION = YES;
				CLANG_WARN_DEPRECATED_OBJC_IMPLEMENTATIONS = YES;
				CLANG_WARN_DIRECT_OBJC_ISA_USAGE = YES_ERROR;
				CLANG_WARN_DOCUMENTATION_COMMENTS = YES;
				CLANG_WARN_EMPTY_BODY = YES;
				CLANG_WARN_ENUM_CONVERSION = YES;
				CLANG_WARN_INFINITE_RECURSION = YES;
				CLANG_WARN_INT_CONVERSION = YES;
				CLANG_WARN_NON_LITERAL_NULL_CONVERSION = YES;
				CLANG_WARN_OBJC_IMPLICIT_RETAIN_SELF = YES;
				CLANG_WARN_OBJC_LITERAL_CONVERSION = YES;
				CLANG_WARN_OBJC_ROOT_CLASS = YES_ERROR;
				CLANG_WARN_QUOTED_INCLUDE_IN_FRAMEWORK_HEADER = YES;
				CLANG_WARN_RANGE_LOOP_ANALYSIS = YES;
				CLANG_WARN_STRICT_PROTOTYPES = YES;
				CLANG_WARN_SUSPICIOUS_MOVE = YES;
				CLANG_WARN_UNGUARDED_AVAILABILITY = YES_AGGRESSIVE;
				CLANG_WARN_UNREACHABLE_CODE = YES;
				CLANG_WARN__DUPLICATE_METHOD_MATCH = YES;
				COPY_PHASE_STRIP = NO;
				DEBUG_INFORMATION_FORMAT = dwarf;
				ENABLE_STRICT_OBJC_MSGSEND = YES;
				ENABLE_TESTABILITY = YES;
				ENABLE_USER_SCRIPT_SANDBOXING = YES;
				GCC_C_LANGUAGE_STANDARD = gnu17;
				GCC_DYNAMIC_NO_PIC = NO;
				GCC_NO_COMMON_BLOCKS = YES;
				GCC_OPTIMIZATION_LEVEL = 0;
				GCC_PREPROCESSOR_DEFINITIONS = (
					"DEBUG=1",
					"$(inherited)",
				);
				GCC_WARN_64_TO_32_BIT_CONVERSION = YES;
				GCC_WARN_ABOUT_RETURN_TYPE = YES_ERROR;
				GCC_WARN_UNDECLARED_SELECTOR = YES;
				GCC_WARN_UNINITIALIZED_AUTOS = YES_AGGRESSIVE;
				GCC_WARN_UNUSED_FUNCTION = YES;
				GCC_WARN_UNUSED_VARIABLE = YES;
				LOCALIZATION_PREFERS_STRING_CATALOGS = YES;
				MACOSX_DEPLOYMENT_TARGET = 13.5;
				MTL_ENABLE_DEBUG_INFO = INCLUDE_SOURCE;
				MTL_FAST_MATH = YES;
				ONLY_ACTIVE_ARCH = YES;
				SDKROOT = macosx;
				SWIFT_ACTIVE_COMPILATION_CONDITIONS = "DEBUG $(inherited)";
				SWIFT_OPTIMIZATION_LEVEL = "-Onone";
			};
			name = Debug;
		};
		C91163AE2BCA1A1F0004401C /* Release */ = {
			isa = XCBuildConfiguration;
			buildSettings = {
				ALWAYS_SEARCH_USER_PATHS = NO;
				ASSETCATALOG_COMPILER_GENERATE_SWIFT_ASSET_SYMBOL_EXTENSIONS = YES;
				CLANG_ANALYZER_NONNULL = YES;
				CLANG_ANALYZER_NUMBER_OBJECT_CONVERSION = YES_AGGRESSIVE;
				CLANG_CXX_LANGUAGE_STANDARD = "gnu++20";
				CLANG_ENABLE_MODULES = YES;
				CLANG_ENABLE_OBJC_ARC = YES;
				CLANG_ENABLE_OBJC_WEAK = YES;
				CLANG_WARN_BLOCK_CAPTURE_AUTORELEASING = YES;
				CLANG_WARN_BOOL_CONVERSION = YES;
				CLANG_WARN_COMMA = YES;
				CLANG_WARN_CONSTANT_CONVERSION = YES;
				CLANG_WARN_DEPRECATED_OBJC_IMPLEMENTATIONS = YES;
				CLANG_WARN_DIRECT_OBJC_ISA_USAGE = YES_ERROR;
				CLANG_WARN_DOCUMENTATION_COMMENTS = YES;
				CLANG_WARN_EMPTY_BODY = YES;
				CLANG_WARN_ENUM_CONVERSION = YES;
				CLANG_WARN_INFINITE_RECURSION = YES;
				CLANG_WARN_INT_CONVERSION = YES;
				CLANG_WARN_NON_LITERAL_NULL_CONVERSION = YES;
				CLANG_WARN_OBJC_IMPLICIT_RETAIN_SELF = YES;
				CLANG_WARN_OBJC_LITERAL_CONVERSION = YES;
				CLANG_WARN_OBJC_ROOT_CLASS = YES_ERROR;
				CLANG_WARN_QUOTED_INCLUDE_IN_FRAMEWORK_HEADER = YES;
				CLANG_WARN_RANGE_LOOP_ANALYSIS = YES;
				CLANG_WARN_STRICT_PROTOTYPES = YES;
				CLANG_WARN_SUSPICIOUS_MOVE = YES;
				CLANG_WARN_UNGUARDED_AVAILABILITY = YES_AGGRESSIVE;
				CLANG_WARN_UNREACHABLE_CODE = YES;
				CLANG_WARN__DUPLICATE_METHOD_MATCH = YES;
				COPY_PHASE_STRIP = NO;
				DEBUG_INFORMATION_FORMAT = "dwarf-with-dsym";
				ENABLE_NS_ASSERTIONS = NO;
				ENABLE_STRICT_OBJC_MSGSEND = YES;
				ENABLE_USER_SCRIPT_SANDBOXING = YES;
				GCC_C_LANGUAGE_STANDARD = gnu17;
				GCC_NO_COMMON_BLOCKS = YES;
				GCC_WARN_64_TO_32_BIT_CONVERSION = YES;
				GCC_WARN_ABOUT_RETURN_TYPE = YES_ERROR;
				GCC_WARN_UNDECLARED_SELECTOR = YES;
				GCC_WARN_UNINITIALIZED_AUTOS = YES_AGGRESSIVE;
				GCC_WARN_UNUSED_FUNCTION = YES;
				GCC_WARN_UNUSED_VARIABLE = YES;
				LOCALIZATION_PREFERS_STRING_CATALOGS = YES;
				MACOSX_DEPLOYMENT_TARGET = 13.5;
				MTL_ENABLE_DEBUG_INFO = NO;
				MTL_FAST_MATH = YES;
				SDKROOT = macosx;
				SWIFT_COMPILATION_MODE = wholemodule;
			};
			name = Release;
		};
		C91163B02BCA1A1F0004401C /* Debug */ = {
			isa = XCBuildConfiguration;
			buildSettings = {
				ASSETCATALOG_COMPILER_APPICON_NAME = AppIcon;
				ASSETCATALOG_COMPILER_GLOBAL_ACCENT_COLOR_NAME = AccentColor;
				CODE_SIGN_ENTITLEMENTS = webImageAudit/webImageAudit.entitlements;
				CODE_SIGN_STYLE = Automatic;
				COMBINE_HIDPI_IMAGES = YES;
				CURRENT_PROJECT_VERSION = 1;
				DEVELOPMENT_ASSET_PATHS = "\"webImageAudit/Preview Content\"";
				DEVELOPMENT_TEAM = TQ7X3YHASX;
				ENABLE_HARDENED_RUNTIME = YES;
				ENABLE_PREVIEWS = YES;
				GENERATE_INFOPLIST_FILE = YES;
				INFOPLIST_KEY_CFBundleDisplayName = "Web Image Audit";
				INFOPLIST_KEY_NSHumanReadableCopyright = "";
				LD_RUNPATH_SEARCH_PATHS = (
					"$(inherited)",
					"@executable_path/../Frameworks",
				);
				MARKETING_VERSION = 1.0;
				PRODUCT_BUNDLE_IDENTIFIER = "com.mts-studios.webImageAudit";
				PRODUCT_NAME = "$(TARGET_NAME)";
				SWIFT_EMIT_LOC_STRINGS = YES;
				SWIFT_VERSION = 5.0;
			};
			name = Debug;
		};
		C91163B12BCA1A1F0004401C /* Release */ = {
			isa = XCBuildConfiguration;
			buildSettings = {
				ASSETCATALOG_COMPILER_APPICON_NAME = AppIcon;
				ASSETCATALOG_COMPILER_GLOBAL_ACCENT_COLOR_NAME = AccentColor;
				CODE_SIGN_ENTITLEMENTS = webImageAudit/webImageAudit.entitlements;
				CODE_SIGN_STYLE = Automatic;
				COMBINE_HIDPI_IMAGES = YES;
				CURRENT_PROJECT_VERSION = 1;
				DEVELOPMENT_ASSET_PATHS = "\"webImageAudit/Preview Content\"";
				DEVELOPMENT_TEAM = TQ7X3YHASX;
				ENABLE_HARDENED_RUNTIME = YES;
				ENABLE_PREVIEWS = YES;
				GENERATE_INFOPLIST_FILE = YES;
				INFOPLIST_KEY_CFBundleDisplayName = "Web Image Audit";
				INFOPLIST_KEY_NSHumanReadableCopyright = "";
				LD_RUNPATH_SEARCH_PATHS = (
					"$(inherited)",
					"@executable_path/../Frameworks",
				);
				MARKETING_VERSION = 1.0;
				PRODUCT_BUNDLE_IDENTIFIER = "com.mts-studios.webImageAudit";
				PRODUCT_NAME = "$(TARGET_NAME)";
				SWIFT_EMIT_LOC_STRINGS = YES;
				SWIFT_VERSION = 5.0;
			};
			name = Release;
		};
		C91163B32BCA1A1F0004401C /* Debug */ = {
			isa = XCBuildConfiguration;
			buildSettings = {
				ALWAYS_EMBED_SWIFT_STANDARD_LIBRARIES = YES;
				BUNDLE_LOADER = "$(TEST_HOST)";
				CODE_SIGN_STYLE = Automatic;
				CURRENT_PROJECT_VERSION = 1;
				DEVELOPMENT_TEAM = TQ7X3YHASX;
				GENERATE_INFOPLIST_FILE = YES;
				MACOSX_DEPLOYMENT_TARGET = 13.5;
				MARKETING_VERSION = 1.0;
				PRODUCT_BUNDLE_IDENTIFIER = "com.mts-studios.webImageAuditTests";
				PRODUCT_NAME = "$(TARGET_NAME)";
				SWIFT_EMIT_LOC_STRINGS = NO;
				SWIFT_VERSION = 5.0;
				TEST_HOST = "$(BUILT_PRODUCTS_DIR)/webImageAudit.app/$(BUNDLE_EXECUTABLE_FOLDER_PATH)/webImageAudit";
			};
			name = Debug;
		};
		C91163B42BCA1A1F0004401C /* Release */ = {
			isa = XCBuildConfiguration;
			buildSettings = {
				ALWAYS_EMBED_SWIFT_STANDARD_LIBRARIES = YES;
				BUNDLE_LOADER = "$(TEST_HOST)";
				CODE_SIGN_STYLE = Automatic;
				CURRENT_PROJECT_VERSION = 1;
				DEVELOPMENT_TEAM = TQ7X3YHASX;
				GENERATE_INFOPLIST_FILE = YES;
				MACOSX_DEPLOYMENT_TARGET = 13.5;
				MARKETING_VERSION = 1.0;
				PRODUCT_BUNDLE_IDENTIFIER = "com.mts-studios.webImageAuditTests";
				PRODUCT_NAME = "$(TARGET_NAME)";
				SWIFT_EMIT_LOC_STRINGS = NO;
				SWIFT_VERSION = 5.0;
				TEST_HOST = "$(BUILT_PRODUCTS_DIR)/webImageAudit.app/$(BUNDLE_EXECUTABLE_FOLDER_PATH)/webImageAudit";
			};
			name = Release;
		};
		C91163B62BCA1A1F0004401C /* Debug */ = {
			isa = XCBuildConfiguration;
			buildSettings = {
				ALWAYS_EMBED_SWIFT_STANDARD_LIBRARIES = YES;
				CODE_SIGN_STYLE = Automatic;
				CURRENT_PROJECT_VERSION = 1;
				DEVELOPMENT_TEAM = TQ7X3YHASX;
				GENERATE_INFOPLIST_FILE = YES;
				MARKETING_VERSION = 1.0;
				PRODUCT_BUNDLE_IDENTIFIER = "com.mts-studios.webImageAuditUITests";
				PRODUCT_NAME = "$(TARGET_NAME)";
				SWIFT_EMIT_LOC_STRINGS = NO;
				SWIFT_VERSION = 5.0;
				TEST_TARGET_NAME = webImageAudit;
			};
			name = Debug;
		};
		C91163B72BCA1A1F0004401C /* Release */ = {
			isa = XCBuildConfiguration;
			buildSettings = {
				ALWAYS_EMBED_SWIFT_STANDARD_LIBRARIES = YES;
				CODE_SIGN_STYLE = Automatic;
				CURRENT_PROJECT_VERSION = 1;
				DEVELOPMENT_TEAM = TQ7X3YHASX;
				GENERATE_INFOPLIST_FILE = YES;
				MARKETING_VERSION = 1.0;
				PRODUCT_BUNDLE_IDENTIFIER = "com.mts-studios.webImageAuditUITests";
				PRODUCT_NAME = "$(TARGET_NAME)";
				SWIFT_EMIT_LOC_STRINGS = NO;
				SWIFT_VERSION = 5.0;
				TEST_TARGET_NAME = webImageAudit;
			};
			name = Release;
		};
/* End XCBuildConfiguration section */

/* Begin XCConfigurationList section */
		C91163852BCA1A1E0004401C /* Build configuration list for PBXProject "webImageAudit" */ = {
			isa = XCConfigurationList;
			buildConfigurations = (
				C91163AD2BCA1A1F0004401C /* Debug */,
				C91163AE2BCA1A1F0004401C /* Release */,
			);
			defaultConfigurationIsVisible = 0;
			defaultConfigurationName = Release;
		};
		C91163AF2BCA1A1F0004401C /* Build configuration list for PBXNativeTarget "webImageAudit" */ = {
			isa = XCConfigurationList;
			buildConfigurations = (
				C91163B02BCA1A1F0004401C /* Debug */,
				C91163B12BCA1A1F0004401C /* Release */,
			);
			defaultConfigurationIsVisible = 0;
			defaultConfigurationName = Release;
		};
		C91163B22BCA1A1F0004401C /* Build configuration list for PBXNativeTarget "webImageAuditTests" */ = {
			isa = XCConfigurationList;
			buildConfigurations = (
				C91163B32BCA1A1F0004401C /* Debug */,
				C91163B42BCA1A1F0004401C /* Release */,
			);
			defaultConfigurationIsVisible = 0;
			defaultConfigurationName = Release;
		};
		C91163B52BCA1A1F0004401C /* Build configuration list for PBXNativeTarget "webImageAuditUITests" */ = {
			isa = XCConfigurationList;
			buildConfigurations = (
				C91163B62BCA1A1F0004401C /* Debug */,
				C91163B72BCA1A1F0004401C /* Release */,
			);
			defaultConfigurationIsVisible = 0;
			defaultConfigurationName = Release;
		};
/* End XCConfigurationList section */

/* Begin XCRemoteSwiftPackageReference section */
		C91163BA2BCA1D690004401C /* XCRemoteSwiftPackageReference "SDWebImage" */ = {
			isa = XCRemoteSwiftPackageReference;
			repositoryURL = "https://github.com/SDWebImage/SDWebImage";
			requirement = {
				kind = upToNextMajorVersion;
				minimumVersion = 5.19.1;
			};
		};
		C91163BF2BCA1DDA0004401C /* XCRemoteSwiftPackageReference "SDWebImageWebPCoder" */ = {
			isa = XCRemoteSwiftPackageReference;
			repositoryURL = "https://github.com/SDWebImage/SDWebImageWebPCoder";
			requirement = {
				kind = upToNextMajorVersion;
				minimumVersion = 0.14.5;
			};
		};
/* End XCRemoteSwiftPackageReference section */

/* Begin XCSwiftPackageProductDependency section */
		C91163BB2BCA1DAD0004401C /* SDWebImage */ = {
			isa = XCSwiftPackageProductDependency;
			package = C91163BA2BCA1D690004401C /* XCRemoteSwiftPackageReference "SDWebImage" */;
			productName = SDWebImage;
		};
		C91163BD2BCA1DAD0004401C /* SDWebImageMapKit */ = {
			isa = XCSwiftPackageProductDependency;
			package = C91163BA2BCA1D690004401C /* XCRemoteSwiftPackageReference "SDWebImage" */;
			productName = SDWebImageMapKit;
		};
		C91163C02BCA1DDA0004401C /* SDWebImageWebPCoder */ = {
			isa = XCSwiftPackageProductDependency;
			package = C91163BF2BCA1DDA0004401C /* XCRemoteSwiftPackageReference "SDWebImageWebPCoder" */;
			productName = SDWebImageWebPCoder;
		};
/* End XCSwiftPackageProductDependency section */
	};
	rootObject = C91163822BCA1A1E0004401C /* Project object */;
}
